
Microsoft Visual Studio Solution File, Format Version 12.00
# Visual Studio 15
Project("{FAE04EC0-301F-11D3-BF4B-00C04F79EFBC}") = "Javeriana-Cali.Android", "Javeriana-Cali.Android\Javeriana-Cali.Android.csproj", "{770F3FBF-059C-41BE-97AD-AE352F28E093}"
EndProject
Project("{FAE04EC0-301F-11D3-BF4B-00C04F79EFBC}") = "Javeriana-Cali.iOS", "Javeriana-Cali.iOS\Javeriana-Cali.iOS.csproj", "{2DDB9205-1451-46A7-9CDC-3992DB255F01}"
EndProject
Project("{FAE04EC0-301F-11D3-BF4B-00C04F79EFBC}") = "Javeriana-Cali", "Javeriana-Cali\Javeriana-Cali.csproj", "{4F426621-9564-417F-8F00-18AA9440A8CF}"
EndProject
Global
	GlobalSection(SolutionConfigurationPlatforms) = preSolution
		Debug|Any CPU = Debug|Any CPU
		Release|Any CPU = Release|Any CPU
		Debug|iPhoneSimulator = Debug|iPhoneSimulator
		Release|iPhoneSimulator = Release|iPhoneSimulator
		Debug|iPhone = Debug|iPhone
		Release|iPhone = Release|iPhone
	EndGlobalSection
	GlobalSection(ProjectConfigurationPlatforms) = postSolution
		{770F3FBF-059C-41BE-97AD-AE352F28E093}.Debug|Any CPU.ActiveCfg = Debug|Any CPU
		{770F3FBF-059C-41BE-97AD-AE352F28E093}.Debug|Any CPU.Build.0 = Debug|Any CPU
		{770F3FBF-059C-41BE-97AD-AE352F28E093}.Release|Any CPU.ActiveCfg = Release|Any CPU
		{770F3FBF-059C-41BE-97AD-AE352F28E093}.Release|Any CPU.Build.0 = Release|Any CPU
		{770F3FBF-059C-41BE-97AD-AE352F28E093}.Debug|iPhoneSimulator.ActiveCfg = Debug|Any CPU
		{770F3FBF-059C-41BE-97AD-AE352F28E093}.Debug|iPhoneSimulator.Build.0 = Debug|Any CPU
		{770F3FBF-059C-41BE-97AD-AE352F28E093}.Release|iPhoneSimulator.ActiveCfg = Release|Any CPU
		{770F3FBF-059C-41BE-97AD-AE352F28E093}.Release|iPhoneSimulator.Build.0 = Release|Any CPU
		{770F3FBF-059C-41BE-97AD-AE352F28E093}.Debug|iPhone.ActiveCfg = Debug|Any CPU
		{770F3FBF-059C-41BE-97AD-AE352F28E093}.Debug|iPhone.Build.0 = Debug|Any CPU
		{770F3FBF-059C-41BE-97AD-AE352F28E093}.Release|iPhone.ActiveCfg = Release|Any CPU
		{770F3FBF-059C-41BE-97AD-AE352F28E093}.Release|iPhone.Build.0 = Release|Any CPU
		{2DDB9205-1451-46A7-9CDC-3992DB255F01}.Debug|Any CPU.ActiveCfg = Debug|iPhoneSimulator
		{2DDB9205-1451-46A7-9CDC-3992DB255F01}.Debug|Any CPU.Build.0 = Debug|iPhoneSimulator
		{2DDB9205-1451-46A7-9CDC-3992DB255F01}.Release|Any CPU.ActiveCfg = Release|iPhoneSimulator
		{2DDB9205-1451-46A7-9CDC-3992DB255F01}.Release|Any CPU.Build.0 = Release|iPhoneSimulator
		{2DDB9205-1451-46A7-9CDC-3992DB255F01}.Debug|iPhoneSimulator.ActiveCfg = Debug|iPhoneSimulator
		{2DDB9205-1451-46A7-9CDC-3992DB255F01}.Debug|iPhoneSimulator.Build.0 = Debug|iPhoneSimulator
		{2DDB9205-1451-46A7-9CDC-3992DB255F01}.Release|iPhoneSimulator.ActiveCfg = Release|iPhoneSimulator
		{2DDB9205-1451-46A7-9CDC-3992DB255F01}.Release|iPhoneSimulator.Build.0 = Release|iPhoneSimulator
		{2DDB9205-1451-46A7-9CDC-3992DB255F01}.Debug|iPhone.ActiveCfg = Debug|iPhone
		{2DDB9205-1451-46A7-9CDC-3992DB255F01}.Debug|iPhone.Build.0 = Debug|iPhone
		{2DDB9205-1451-46A7-9CDC-3992DB255F01}.Release|iPhone.ActiveCfg = Release|iPhone
		{2DDB9205-1451-46A7-9CDC-3992DB255F01}.Release|iPhone.Build.0 = Release|iPhone
		{4F426621-9564-417F-8F00-18AA9440A8CF}.Debug|Any CPU.ActiveCfg = Debug|Any CPU
		{4F426621-9564-417F-8F00-18AA9440A8CF}.Debug|Any CPU.Build.0 = Debug|Any CPU
		{4F426621-9564-417F-8F00-18AA9440A8CF}.Release|Any CPU.ActiveCfg = Release|Any CPU
		{4F426621-9564-417F-8F00-18AA9440A8CF}.Release|Any CPU.Build.0 = Release|Any CPU
		{4F426621-9564-417F-8F00-18AA9440A8CF}.Debug|iPhoneSimulator.ActiveCfg = Debug|Any CPU
		{4F426621-9564-417F-8F00-18AA9440A8CF}.Debug|iPhoneSimulator.Build.0 = Debug|Any CPU
		{4F426621-9564-417F-8F00-18AA9440A8CF}.Release|iPhoneSimulator.ActiveCfg = Release|Any CPU
		{4F426621-9564-417F-8F00-18AA9440A8CF}.Release|iPhoneSimulator.Build.0 = Release|Any CPU
		{4F426621-9564-417F-8F00-18AA9440A8CF}.Debug|iPhone.ActiveCfg = Debug|Any CPU
		{4F426621-9564-417F-8F00-18AA9440A8CF}.Debug|iPhone.Build.0 = Debug|Any CPU
		{4F426621-9564-417F-8F00-18AA9440A8CF}.Release|iPhone.ActiveCfg = Release|Any CPU
		{4F426621-9564-417F-8F00-18AA9440A8CF}.Release|iPhone.Build.0 = Release|Any CPU
	EndGlobalSection
EndGlobal
